{
    "name": "@teamhive/pdf-viewer",
    "version": "2.4.0",
    "lockfileVersion": 1,
    "requires": true,
    "dependencies": {
        "@stencil/core": {
            "version": "1.7.1",
            "resolved": "https://registry.npmjs.org/@stencil/core/-/core-1.7.1.tgz",
            "integrity": "sha512-w7hwj+Ovdr0YTc7MD1e9GWz7qm/NoE1E/ye1lrg8xoB2rsvOsCtyDx9vy24UUgZqyvMyc02jDp9aV+n0mnLShw==",
            "dev": true,
            "requires": {
                "typescript": "3.6.3"
            }
        },
        "@stencil/sass": {
            "version": "1.0.1",
            "resolved": "https://registry.npmjs.org/@stencil/sass/-/sass-1.0.1.tgz",
            "integrity": "sha512-3vmF8zir9FcVY/tYW0/V/pWrYSU684eASmALL2v29PGJvX6/CXh9n8LF7Jy95SpJPij3lisIUXLls7edXy2hYg==",
            "dev": true
        },
        "ncp": {
            "version": "2.0.0",
            "resolved": "https://registry.npmjs.org/ncp/-/ncp-2.0.0.tgz",
            "integrity": "sha1-GVoh1sRuNh0vsSgbo4uR6d9727M=",
            "dev": true
        },
        "typescript": {
            "version": "3.6.3",
            "resolved": "https://registry.npmjs.org/typescript/-/typescript-3.6.3.tgz",
            "integrity": "sha512-N7bceJL1CtRQ2RiG0AQME13ksR7DiuQh/QehubYcghzv20tnh+MQnQIuJddTmsbqYj+dztchykemz0zFzlvdQw==",
            "dev": true
        }
    }
}
